lockfileVersion: '6.0'

settings:
  autoInstallPeers: true
  excludeLinksFromLockfile: false

dependencies:
  '@polkadot/api':
    specifier: ^12.4.1
    version: 12.4.2
  viem:
    specifier: latest
    version: 2.12.5(typescript@5.4.5)

devDependencies:
  tsx:
    specifier: latest
    version: 4.11.0
  typescript:
    specifier: latest
    version: 5.4.5

packages:

  /@adraffy/ens-normalize@1.10.0:
    resolution: {integrity: sha512-nA9XHtlAkYfJxY7bce8DcN7eKxWWCWkU+1GR9d+U6MbNpfwQp8TI7vqOsBsMcHoT4mBu2kypKoSKnghEzOOq5Q==}
    dev: false

  /@esbuild/aix-ppc64@0.20.2:
    resolution: {integrity: sha512-D+EBOJHXdNZcLJRBkhENNG8Wji2kgc9AZ9KiPr1JuZjsNtyHzrsfLRrY0tk2H2aoFu6RANO1y1iPPUCDYWkb5g==}
    engines: {node: '>=12'}
    cpu: [ppc64]
    os: [aix]
    requiresBuild: true
    dev: true
    optional: true

  /@esbuild/android-arm64@0.20.2:
    resolution: {integrity: sha512-mRzjLacRtl/tWU0SvD8lUEwb61yP9cqQo6noDZP/O8VkwafSYwZ4yWy24kan8jE/IMERpYncRt2dw438LP3Xmg==}
    engines: {node: '>=12'}
    cpu: [arm64]
    os: [android]
    requiresBuild: true
    dev: true
    optional: true

  /@esbuild/android-arm@0.20.2:
    resolution: {integrity: sha512-t98Ra6pw2VaDhqNWO2Oph2LXbz/EJcnLmKLGBJwEwXX/JAN83Fym1rU8l0JUWK6HkIbWONCSSatf4sf2NBRx/w==}
    engines: {node: '>=12'}
    cpu: [arm]
    os: [android]
    requiresBuild: true
    dev: true
    optional: true

  /@esbuild/android-x64@0.20.2:
    resolution: {integrity: sha512-btzExgV+/lMGDDa194CcUQm53ncxzeBrWJcncOBxuC6ndBkKxnHdFJn86mCIgTELsooUmwUm9FkhSp5HYu00Rg==}
    engines: {node: '>=12'}
    cpu: [x64]
    os: [android]
    requiresBuild: true
    dev: true
    optional: true

  /@esbuild/darwin-arm64@0.20.2:
    resolution: {integrity: sha512-4J6IRT+10J3aJH3l1yzEg9y3wkTDgDk7TSDFX+wKFiWjqWp/iCfLIYzGyasx9l0SAFPT1HwSCR+0w/h1ES/MjA==}
    engines: {node: '>=12'}
    cpu: [arm64]
    os: [darwin]
    requiresBuild: true
    dev: true
    optional: true

  /@esbuild/darwin-x64@0.20.2:
    resolution: {integrity: sha512-tBcXp9KNphnNH0dfhv8KYkZhjc+H3XBkF5DKtswJblV7KlT9EI2+jeA8DgBjp908WEuYll6pF+UStUCfEpdysA==}
    engines: {node: '>=12'}
    cpu: [x64]
    os: [darwin]
    requiresBuild: true
    dev: true
    optional: true

  /@esbuild/freebsd-arm64@0.20.2:
    resolution: {integrity: sha512-d3qI41G4SuLiCGCFGUrKsSeTXyWG6yem1KcGZVS+3FYlYhtNoNgYrWcvkOoaqMhwXSMrZRl69ArHsGJ9mYdbbw==}
    engines: {node: '>=12'}
    cpu: [arm64]
    os: [freebsd]
    requiresBuild: true
    dev: true
    optional: true

  /@esbuild/freebsd-x64@0.20.2:
    resolution: {integrity: sha512-d+DipyvHRuqEeM5zDivKV1KuXn9WeRX6vqSqIDgwIfPQtwMP4jaDsQsDncjTDDsExT4lR/91OLjRo8bmC1e+Cw==}
    engines: {node: '>=12'}
    cpu: [x64]
    os: [freebsd]
    requiresBuild: true
    dev: true
    optional: true

  /@esbuild/linux-arm64@0.20.2:
    resolution: {integrity: sha512-9pb6rBjGvTFNira2FLIWqDk/uaf42sSyLE8j1rnUpuzsODBq7FvpwHYZxQ/It/8b+QOS1RYfqgGFNLRI+qlq2A==}
    engines: {node: '>=12'}
    cpu: [arm64]
    os: [linux]
    requiresBuild: true
    dev: true
    optional: true

  /@esbuild/linux-arm@0.20.2:
    resolution: {integrity: sha512-VhLPeR8HTMPccbuWWcEUD1Az68TqaTYyj6nfE4QByZIQEQVWBB8vup8PpR7y1QHL3CpcF6xd5WVBU/+SBEvGTg==}
    engines: {node: '>=12'}
    cpu: [arm]
    os: [linux]
    requiresBuild: true
    dev: true
    optional: true

  /@esbuild/linux-ia32@0.20.2:
    resolution: {integrity: sha512-o10utieEkNPFDZFQm9CoP7Tvb33UutoJqg3qKf1PWVeeJhJw0Q347PxMvBgVVFgouYLGIhFYG0UGdBumROyiig==}
    engines: {node: '>=12'}
    cpu: [ia32]
    os: [linux]
    requiresBuild: true
    dev: true
    optional: true

  /@esbuild/linux-loong64@0.20.2:
    resolution: {integrity: sha512-PR7sp6R/UC4CFVomVINKJ80pMFlfDfMQMYynX7t1tNTeivQ6XdX5r2XovMmha/VjR1YN/HgHWsVcTRIMkymrgQ==}
    engines: {node: '>=12'}
    cpu: [loong64]
    os: [linux]
    requiresBuild: true
    dev: true
    optional: true

  /@esbuild/linux-mips64el@0.20.2:
    resolution: {integrity: sha512-4BlTqeutE/KnOiTG5Y6Sb/Hw6hsBOZapOVF6njAESHInhlQAghVVZL1ZpIctBOoTFbQyGW+LsVYZ8lSSB3wkjA==}
    engines: {node: '>=12'}
    cpu: [mips64el]
    os: [linux]
    requiresBuild: true
    dev: true
    optional: true

  /@esbuild/linux-ppc64@0.20.2:
    resolution: {integrity: sha512-rD3KsaDprDcfajSKdn25ooz5J5/fWBylaaXkuotBDGnMnDP1Uv5DLAN/45qfnf3JDYyJv/ytGHQaziHUdyzaAg==}
    engines: {node: '>=12'}
    cpu: [ppc64]
    os: [linux]
    requiresBuild: true
    dev: true
    optional: true

  /@esbuild/linux-riscv64@0.20.2:
    resolution: {integrity: sha512-snwmBKacKmwTMmhLlz/3aH1Q9T8v45bKYGE3j26TsaOVtjIag4wLfWSiZykXzXuE1kbCE+zJRmwp+ZbIHinnVg==}
    engines: {node: '>=12'}
    cpu: [riscv64]
    os: [linux]
    requiresBuild: true
    dev: true
    optional: true

  /@esbuild/linux-s390x@0.20.2:
    resolution: {integrity: sha512-wcWISOobRWNm3cezm5HOZcYz1sKoHLd8VL1dl309DiixxVFoFe/o8HnwuIwn6sXre88Nwj+VwZUvJf4AFxkyrQ==}
    engines: {node: '>=12'}
    cpu: [s390x]
    os: [linux]
    requiresBuild: true
    dev: true
    optional: true

  /@esbuild/linux-x64@0.20.2:
    resolution: {integrity: sha512-1MdwI6OOTsfQfek8sLwgyjOXAu+wKhLEoaOLTjbijk6E2WONYpH9ZU2mNtR+lZ2B4uwr+usqGuVfFT9tMtGvGw==}
    engines: {node: '>=12'}
    cpu: [x64]
    os: [linux]
    requiresBuild: true
    dev: true
    optional: true

  /@esbuild/netbsd-x64@0.20.2:
    resolution: {integrity: sha512-K8/DhBxcVQkzYc43yJXDSyjlFeHQJBiowJ0uVL6Tor3jGQfSGHNNJcWxNbOI8v5k82prYqzPuwkzHt3J1T1iZQ==}
    engines: {node: '>=12'}
    cpu: [x64]
    os: [netbsd]
    requiresBuild: true
    dev: true
    optional: true

  /@esbuild/openbsd-x64@0.20.2:
    resolution: {integrity: sha512-eMpKlV0SThJmmJgiVyN9jTPJ2VBPquf6Kt/nAoo6DgHAoN57K15ZghiHaMvqjCye/uU4X5u3YSMgVBI1h3vKrQ==}
    engines: {node: '>=12'}
    cpu: [x64]
    os: [openbsd]
    requiresBuild: true
    dev: true
    optional: true

  /@esbuild/sunos-x64@0.20.2:
    resolution: {integrity: sha512-2UyFtRC6cXLyejf/YEld4Hajo7UHILetzE1vsRcGL3earZEW77JxrFjH4Ez2qaTiEfMgAXxfAZCm1fvM/G/o8w==}
    engines: {node: '>=12'}
    cpu: [x64]
    os: [sunos]
    requiresBuild: true
    dev: true
    optional: true

  /@esbuild/win32-arm64@0.20.2:
    resolution: {integrity: sha512-GRibxoawM9ZCnDxnP3usoUDO9vUkpAxIIZ6GQI+IlVmr5kP3zUq+l17xELTHMWTWzjxa2guPNyrpq1GWmPvcGQ==}
    engines: {node: '>=12'}
    cpu: [arm64]
    os: [win32]
    requiresBuild: true
    dev: true
    optional: true

  /@esbuild/win32-ia32@0.20.2:
    resolution: {integrity: sha512-HfLOfn9YWmkSKRQqovpnITazdtquEW8/SoHW7pWpuEeguaZI4QnCRW6b+oZTztdBnZOS2hqJ6im/D5cPzBTTlQ==}
    engines: {node: '>=12'}
    cpu: [ia32]
    os: [win32]
    requiresBuild: true
    dev: true
    optional: true

  /@esbuild/win32-x64@0.20.2:
    resolution: {integrity: sha512-N49X4lJX27+l9jbLKSqZ6bKNjzQvHaT8IIFUy+YIqmXQdjYCToGWwOItDrfby14c78aDd5NHQl29xingXfCdLQ==}
    engines: {node: '>=12'}
    cpu: [x64]
    os: [win32]
    requiresBuild: true
    dev: true
    optional: true

  /@noble/curves@1.2.0:
    resolution: {integrity: sha512-oYclrNgRaM9SsBUBVbb8M6DTV7ZHRTKugureoYEncY5c65HOmRzvSiTE3y5CYaPYJA/GVkrhXEoF0M3Ya9PMnw==}
    dependencies:
      '@noble/hashes': 1.3.2
    dev: false

  /@noble/curves@1.5.0:
    resolution: {integrity: sha512-J5EKamIHnKPyClwVrzmaf5wSdQXgdHcPZIZLu3bwnbeCx8/7NPK5q2ZBWF+5FvYGByjiQQsJYX6jfgB2wDPn3A==}
    dependencies:
      '@noble/hashes': 1.4.0
    dev: false

  /@noble/hashes@1.3.2:
    resolution: {integrity: sha512-MVC8EAQp7MvEcm30KWENFjgR+Mkmf+D189XJTkFIlwohU5hcBbn1ZkKq7KVTi2Hme3PMGF390DaL52beVrIihQ==}
    engines: {node: '>= 16'}
    dev: false

  /@noble/hashes@1.4.0:
    resolution: {integrity: sha512-V1JJ1WTRUqHHrOSh597hURcMqVKVGL/ea3kv0gSnEdsEZ0/+VyPghM1lMNGc00z7CIQorSvbKpuJkxvuHbvdbg==}
    engines: {node: '>= 16'}
    dev: false

  /@polkadot-api/json-rpc-provider-proxy@0.1.0:
    resolution: {integrity: sha512-8GSFE5+EF73MCuLQm8tjrbCqlgclcHBSRaswvXziJ0ZW7iw3UEMsKkkKvELayWyBuOPa2T5i1nj6gFOeIsqvrg==}
    requiresBuild: true
    dev: false
    optional: true

  /@polkadot-api/json-rpc-provider@0.0.1:
    resolution: {integrity: sha512-/SMC/l7foRjpykLTUTacIH05H3mr9ip8b5xxfwXlVezXrNVLp3Cv0GX6uItkKd+ZjzVPf3PFrDF2B2/HLSNESA==}
    requiresBuild: true
    dev: false
    optional: true

  /@polkadot-api/metadata-builders@0.3.2:
    resolution: {integrity: sha512-TKpfoT6vTb+513KDzMBTfCb/ORdgRnsS3TDFpOhAhZ08ikvK+hjHMt5plPiAX/OWkm1Wc9I3+K6W0hX5Ab7MVg==}
    requiresBuild: true
    dependencies:
      '@polkadot-api/substrate-bindings': 0.6.0
      '@polkadot-api/utils': 0.1.0
    dev: false
    optional: true

  /@polkadot-api/observable-client@0.3.2(@polkadot-api/substrate-client@0.1.4)(rxjs@7.8.1):
    resolution: {integrity: sha512-HGgqWgEutVyOBXoGOPp4+IAq6CNdK/3MfQJmhCJb8YaJiaK4W6aRGrdQuQSTPHfERHCARt9BrOmEvTXAT257Ug==}
    requiresBuild: true
    peerDependencies:
      '@polkadot-api/substrate-client': 0.1.4
      rxjs: '>=7.8.0'
    dependencies:
      '@polkadot-api/metadata-builders': 0.3.2
      '@polkadot-api/substrate-bindings': 0.6.0
      '@polkadot-api/substrate-client': 0.1.4
      '@polkadot-api/utils': 0.1.0
      rxjs: 7.8.1
    dev: false
    optional: true

  /@polkadot-api/substrate-bindings@0.6.0:
    resolution: {integrity: sha512-lGuhE74NA1/PqdN7fKFdE5C1gNYX357j1tWzdlPXI0kQ7h3kN0zfxNOpPUN7dIrPcOFZ6C0tRRVrBylXkI6xPw==}
    requiresBuild: true
    dependencies:
      '@noble/hashes': 1.3.2
      '@polkadot-api/utils': 0.1.0
      '@scure/base': 1.1.6
      scale-ts: 1.6.0
    dev: false
    optional: true

  /@polkadot-api/substrate-client@0.1.4:
    resolution: {integrity: sha512-MljrPobN0ZWTpn++da9vOvt+Ex+NlqTlr/XT7zi9sqPtDJiQcYl+d29hFAgpaeTqbeQKZwz3WDE9xcEfLE8c5A==}
    requiresBuild: true
    dependencies:
      '@polkadot-api/json-rpc-provider': 0.0.1
      '@polkadot-api/utils': 0.1.0
    dev: false
    optional: true

  /@polkadot-api/utils@0.1.0:
    resolution: {integrity: sha512-MXzWZeuGxKizPx2Xf/47wx9sr/uxKw39bVJUptTJdsaQn/TGq+z310mHzf1RCGvC1diHM8f593KrnDgc9oNbJA==}
    requiresBuild: true
    dev: false
    optional: true

  /@polkadot/api-augment@12.4.2:
    resolution: {integrity: sha512-BkG2tQpUUO0iUm65nSqP8hwHkNfN8jQw8apqflJNt9H8EkEL6v7sqwbLvGqtlxM9wzdxbg7lrWp3oHg4rOP31g==}
    engines: {node: '>=18'}
    dependencies:
      '@polkadot/api-base': 12.4.2
      '@polkadot/rpc-augment': 12.4.2
      '@polkadot/types': 12.4.2
      '@polkadot/types-augment': 12.4.2
      '@polkadot/types-codec': 12.4.2
      '@polkadot/util': 13.0.2
      tslib: 2.6.3
    transitivePeerDependencies:
      - bufferutil
      - supports-color
      - utf-8-validate
    dev: false

  /@polkadot/api-base@12.4.2:
    resolution: {integrity: sha512-XYI7Po8i6C4lYZah7Xo0v7zOAawBUfkmtx0YxsLY/665Sup8oqzEj666xtV9qjBzR9coNhQonIFOn+9fh27Ncw==}
    engines: {node: '>=18'}
    dependencies:
      '@polkadot/rpc-core': 12.4.2
      '@polkadot/types': 12.4.2
      '@polkadot/util': 13.0.2
      rxjs: 7.8.1
      tslib: 2.6.3
    transitivePeerDependencies:
      - bufferutil
      - supports-color
      - utf-8-validate
    dev: false

  /@polkadot/api-derive@12.4.2:
    resolution: {integrity: sha512-R0AMANEnqs5AiTaiQX2FXCxUlOibeDSgqlkyG1/0KDsdr6PO/l3dJOgEO+grgAwh4hdqzk4I9uQpdKxG83f2Gw==}
    engines: {node: '>=18'}
    dependencies:
      '@polkadot/api': 12.4.2
      '@polkadot/api-augment': 12.4.2
      '@polkadot/api-base': 12.4.2
      '@polkadot/rpc-core': 12.4.2
      '@polkadot/types': 12.4.2
      '@polkadot/types-codec': 12.4.2
      '@polkadot/util': 13.0.2
      '@polkadot/util-crypto': 13.0.2(@polkadot/util@13.0.2)
      rxjs: 7.8.1
      tslib: 2.6.3
    transitivePeerDependencies:
      - bufferutil
      - supports-color
      - utf-8-validate
    dev: false

  /@polkadot/api@12.4.2:
    resolution: {integrity: sha512-e1KS048471iBWZU10TJNEYOZqLO+8h8ajmVqpaIBOVkamN7tmacBxmHgq0+IA8VrGxjxtYNa1xF5Sqrg76uBEg==}
    engines: {node: '>=18'}
    dependencies:
      '@polkadot/api-augment': 12.4.2
      '@polkadot/api-base': 12.4.2
      '@polkadot/api-derive': 12.4.2
      '@polkadot/keyring': 13.0.2(@polkadot/util-crypto@13.0.2)(@polkadot/util@13.0.2)
      '@polkadot/rpc-augment': 12.4.2
      '@polkadot/rpc-core': 12.4.2
      '@polkadot/rpc-provider': 12.4.2
      '@polkadot/types': 12.4.2
      '@polkadot/types-augment': 12.4.2
      '@polkadot/types-codec': 12.4.2
      '@polkadot/types-create': 12.4.2
      '@polkadot/types-known': 12.4.2
      '@polkadot/util': 13.0.2
      '@polkadot/util-crypto': 13.0.2(@polkadot/util@13.0.2)
      eventemitter3: 5.0.1
      rxjs: 7.8.1
      tslib: 2.6.3
    transitivePeerDependencies:
      - bufferutil
      - supports-color
      - utf-8-validate
    dev: false

  /@polkadot/keyring@13.0.2(@polkadot/util-crypto@13.0.2)(@polkadot/util@13.0.2):
    resolution: {integrity: sha512-NeLbhyKDT5W8LI9seWTZGePxNTOVpDhv2018HSrEDwJq9Ie0C4TZhUf3KNERCkSveuThXjfQJMs+1CF33ZXPWw==}
    engines: {node: '>=18'}
    peerDependencies:
      '@polkadot/util': 13.0.2
      '@polkadot/util-crypto': 13.0.2
    dependencies:
      '@polkadot/util': 13.0.2
      '@polkadot/util-crypto': 13.0.2(@polkadot/util@13.0.2)
      tslib: 2.6.3
    dev: false

  /@polkadot/networks@13.0.2:
    resolution: {integrity: sha512-ABAL+vug/gIwkdFEzeh87JoJd0YKrxSYg/HjUrZ+Zis2ucxQEKpvtCpJ34ku+YrjacBfVqIAkkwd3ZdIPGq9aQ==}
    engines: {node: '>=18'}
    dependencies:
      '@polkadot/util': 13.0.2
      '@substrate/ss58-registry': 1.50.0
      tslib: 2.6.3
    dev: false

  /@polkadot/rpc-augment@12.4.2:
    resolution: {integrity: sha512-IEco5pnso+fYkZNMlMAN5i4XAxdXPv0PZ0HNuWlCwF/MmRvWl8pq5JFtY1FiByHEbeuHwMIUhHM5SDKQ85q9Hg==}
    engines: {node: '>=18'}
    dependencies:
      '@polkadot/rpc-core': 12.4.2
      '@polkadot/types': 12.4.2
      '@polkadot/types-codec': 12.4.2
      '@polkadot/util': 13.0.2
      tslib: 2.6.3
    transitivePeerDependencies:
      - bufferutil
      - supports-color
      - utf-8-validate
    dev: false

  /@polkadot/rpc-core@12.4.2:
    resolution: {integrity: sha512-yaveqxNcmyluyNgsBT5tpnCa/md0CGbOtRK7K82LWsz7gsbh0x80GBbJrQGxsUybg1gPeZbO1q9IigwA6fY8ag==}
    engines: {node: '>=18'}
    dependencies:
      '@polkadot/rpc-augment': 12.4.2
      '@polkadot/rpc-provider': 12.4.2
      '@polkadot/types': 12.4.2
      '@polkadot/util': 13.0.2
      rxjs: 7.8.1
      tslib: 2.6.3
    transitivePeerDependencies:
      - bufferutil
      - supports-color
      - utf-8-validate
    dev: false

  /@polkadot/rpc-provider@12.4.2:
    resolution: {integrity: sha512-cAhfN937INyxwW1AdjABySdCKhC7QCIONRDHDea1aLpiuxq/w+QwjxauR9fCNGh3lTaAwwnmZ5WfFU2PtkDMGQ==}
    engines: {node: '>=18'}
    dependencies:
      '@polkadot/keyring': 13.0.2(@polkadot/util-crypto@13.0.2)(@polkadot/util@13.0.2)
      '@polkadot/types': 12.4.2
      '@polkadot/types-support': 12.4.2
      '@polkadot/util': 13.0.2
      '@polkadot/util-crypto': 13.0.2(@polkadot/util@13.0.2)
      '@polkadot/x-fetch': 13.0.2
      '@polkadot/x-global': 13.0.2
      '@polkadot/x-ws': 13.0.2
      eventemitter3: 5.0.1
      mock-socket: 9.3.1
      nock: 13.5.5
      tslib: 2.6.3
    optionalDependencies:
      '@substrate/connect': 0.8.11
    transitivePeerDependencies:
      - bufferutil
      - supports-color
      - utf-8-validate
    dev: false

  /@polkadot/types-augment@12.4.2:
    resolution: {integrity: sha512-3fDCOy2BEMuAtMYl4crKg76bv/0pDNEuzpAzV4EBUMIlJwypmjy5sg3gUPCMcA+ckX3xb8DhkWU4ceUdS7T2KQ==}
    engines: {node: '>=18'}
    dependencies:
      '@polkadot/types': 12.4.2
      '@polkadot/types-codec': 12.4.2
      '@polkadot/util': 13.0.2
      tslib: 2.6.3
    dev: false

  /@polkadot/types-codec@12.4.2:
    resolution: {integrity: sha512-DiPGRFWtVMepD9i05eC3orSbGtpN7un/pXOrXu0oriU+oxLkpvZH68ZsPNtJhKdQy03cAYtvB8elJOFJZYqoqQ==}
    engines: {node: '>=18'}
    dependencies:
      '@polkadot/util': 13.0.2
      '@polkadot/x-bigint': 13.0.2
      tslib: 2.6.3
    dev: false

  /@polkadot/types-create@12.4.2:
    resolution: {integrity: sha512-nOpeAKZLdSqNMfzS3waQXgyPPaNt8rUHEmR5+WNv6c/Ke/vyf710wjxiTewfp0wpBgtdrimlgG4DLX1J9Ms1LA==}
    engines: {node: '>=18'}
    dependencies:
      '@polkadot/types-codec': 12.4.2
      '@polkadot/util': 13.0.2
      tslib: 2.6.3
    dev: false

  /@polkadot/types-known@12.4.2:
    resolution: {integrity: sha512-bvhO4KQu/dgPmdwQXsweSMRiRisJ7Bp38lZVEIFykfd2qYyRW3OQEbIPKYpx9raD+fDATU0bTiKQnELrSGhYXw==}
    engines: {node: '>=18'}
    dependencies:
      '@polkadot/networks': 13.0.2
      '@polkadot/types': 12.4.2
      '@polkadot/types-codec': 12.4.2
      '@polkadot/types-create': 12.4.2
      '@polkadot/util': 13.0.2
      tslib: 2.6.3
    dev: false

  /@polkadot/types-support@12.4.2:
    resolution: {integrity: sha512-bz6JSt23UEZ2eXgN4ust6z5QF9pO5uNH7UzCP+8I/Nm85ZipeBYj2Wu6pLlE3Hw30hWZpuPxMDOKoEhN5bhLgw==}
    engines: {node: '>=18'}
    dependencies:
      '@polkadot/util': 13.0.2
      tslib: 2.6.3
    dev: false

  /@polkadot/types@12.4.2:
    resolution: {integrity: sha512-ivYtt7hYcRvo69ULb1BJA9BE1uefijXcaR089Dzosr9+sMzvsB1yslNQReOq+Wzq6h6AQj4qex6qVqjWZE6Z4A==}
    engines: {node: '>=18'}
    dependencies:
      '@polkadot/keyring': 13.0.2(@polkadot/util-crypto@13.0.2)(@polkadot/util@13.0.2)
      '@polkadot/types-augment': 12.4.2
      '@polkadot/types-codec': 12.4.2
      '@polkadot/types-create': 12.4.2
      '@polkadot/util': 13.0.2
      '@polkadot/util-crypto': 13.0.2(@polkadot/util@13.0.2)
      rxjs: 7.8.1
      tslib: 2.6.3
    dev: false

  /@polkadot/util-crypto@13.0.2(@polkadot/util@13.0.2):
    resolution: {integrity: sha512-woUsJJ6zd/caL7U+D30a5oM/+WK9iNI00Y8aNUHSj6Zq/KPzK9uqDBaLGWwlgrejoMQkxxiU2X0f2LzP15AtQg==}
    engines: {node: '>=18'}
    peerDependencies:
      '@polkadot/util': 13.0.2
    dependencies:
      '@noble/curves': 1.5.0
      '@noble/hashes': 1.4.0
      '@polkadot/networks': 13.0.2
      '@polkadot/util': 13.0.2
      '@polkadot/wasm-crypto': 7.3.2(@polkadot/util@13.0.2)(@polkadot/x-randomvalues@13.0.2)
      '@polkadot/wasm-util': 7.3.2(@polkadot/util@13.0.2)
      '@polkadot/x-bigint': 13.0.2
      '@polkadot/x-randomvalues': 13.0.2(@polkadot/util@13.0.2)(@polkadot/wasm-util@7.3.2)
      '@scure/base': 1.1.6
      tslib: 2.6.3
    dev: false

  /@polkadot/util@13.0.2:
    resolution: {integrity: sha512-/6bS9sfhJLhs8QuqWaR1eRapzfDdGC5XAQZEPL9NN5sTTA7HxWos8rVleai0UERm8QUMabjZ9rK9KpzbXl7ojg==}
    engines: {node: '>=18'}
    dependencies:
      '@polkadot/x-bigint': 13.0.2
      '@polkadot/x-global': 13.0.2
      '@polkadot/x-textdecoder': 13.0.2
      '@polkadot/x-textencoder': 13.0.2
      '@types/bn.js': 5.1.5
      bn.js: 5.2.1
      tslib: 2.6.3
    dev: false

  /@polkadot/wasm-bridge@7.3.2(@polkadot/util@13.0.2)(@polkadot/x-randomvalues@13.0.2):
    resolution: {integrity: sha512-AJEXChcf/nKXd5Q/YLEV5dXQMle3UNT7jcXYmIffZAo/KI394a+/24PaISyQjoNC0fkzS1Q8T5pnGGHmXiVz2g==}
    engines: {node: '>=18'}
    peerDependencies:
      '@polkadot/util': '*'
      '@polkadot/x-randomvalues': '*'
    dependencies:
      '@polkadot/util': 13.0.2
      '@polkadot/wasm-util': 7.3.2(@polkadot/util@13.0.2)
      '@polkadot/x-randomvalues': 13.0.2(@polkadot/util@13.0.2)(@polkadot/wasm-util@7.3.2)
      tslib: 2.6.3
    dev: false

  /@polkadot/wasm-crypto-asmjs@7.3.2(@polkadot/util@13.0.2):
    resolution: {integrity: sha512-QP5eiUqUFur/2UoF2KKKYJcesc71fXhQFLT3D4ZjG28Mfk2ZPI0QNRUfpcxVQmIUpV5USHg4geCBNuCYsMm20Q==}
    engines: {node: '>=18'}
    peerDependencies:
      '@polkadot/util': '*'
    dependencies:
      '@polkadot/util': 13.0.2
      tslib: 2.6.3
    dev: false

  /@polkadot/wasm-crypto-init@7.3.2(@polkadot/util@13.0.2)(@polkadot/x-randomvalues@13.0.2):
    resolution: {integrity: sha512-FPq73zGmvZtnuJaFV44brze3Lkrki3b4PebxCy9Fplw8nTmisKo9Xxtfew08r0njyYh+uiJRAxPCXadkC9sc8g==}
    engines: {node: '>=18'}
    peerDependencies:
      '@polkadot/util': '*'
      '@polkadot/x-randomvalues': '*'
    dependencies:
      '@polkadot/util': 13.0.2
      '@polkadot/wasm-bridge': 7.3.2(@polkadot/util@13.0.2)(@polkadot/x-randomvalues@13.0.2)
      '@polkadot/wasm-crypto-asmjs': 7.3.2(@polkadot/util@13.0.2)
      '@polkadot/wasm-crypto-wasm': 7.3.2(@polkadot/util@13.0.2)
      '@polkadot/wasm-util': 7.3.2(@polkadot/util@13.0.2)
      '@polkadot/x-randomvalues': 13.0.2(@polkadot/util@13.0.2)(@polkadot/wasm-util@7.3.2)
      tslib: 2.6.3
    dev: false

  /@polkadot/wasm-crypto-wasm@7.3.2(@polkadot/util@13.0.2):
    resolution: {integrity: sha512-15wd0EMv9IXs5Abp1ZKpKKAVyZPhATIAHfKsyoWCEFDLSOA0/K0QGOxzrAlsrdUkiKZOq7uzSIgIDgW8okx2Mw==}
    engines: {node: '>=18'}
    peerDependencies:
      '@polkadot/util': '*'
    dependencies:
      '@polkadot/util': 13.0.2
      '@polkadot/wasm-util': 7.3.2(@polkadot/util@13.0.2)
      tslib: 2.6.3
    dev: false

  /@polkadot/wasm-crypto@7.3.2(@polkadot/util@13.0.2)(@polkadot/x-randomvalues@13.0.2):
    resolution: {integrity: sha512-+neIDLSJ6jjVXsjyZ5oLSv16oIpwp+PxFqTUaZdZDoA2EyFRQB8pP7+qLsMNk+WJuhuJ4qXil/7XiOnZYZ+wxw==}
    engines: {node: '>=18'}
    peerDependencies:
      '@polkadot/util': '*'
      '@polkadot/x-randomvalues': '*'
    dependencies:
      '@polkadot/util': 13.0.2
      '@polkadot/wasm-bridge': 7.3.2(@polkadot/util@13.0.2)(@polkadot/x-randomvalues@13.0.2)
      '@polkadot/wasm-crypto-asmjs': 7.3.2(@polkadot/util@13.0.2)
      '@polkadot/wasm-crypto-init': 7.3.2(@polkadot/util@13.0.2)(@polkadot/x-randomvalues@13.0.2)
      '@polkadot/wasm-crypto-wasm': 7.3.2(@polkadot/util@13.0.2)
      '@polkadot/wasm-util': 7.3.2(@polkadot/util@13.0.2)
      '@polkadot/x-randomvalues': 13.0.2(@polkadot/util@13.0.2)(@polkadot/wasm-util@7.3.2)
      tslib: 2.6.3
    dev: false

  /@polkadot/wasm-util@7.3.2(@polkadot/util@13.0.2):
    resolution: {integrity: sha512-bmD+Dxo1lTZyZNxbyPE380wd82QsX+43mgCm40boyKrRppXEyQmWT98v/Poc7chLuskYb6X8IQ6lvvK2bGR4Tg==}
    engines: {node: '>=18'}
    peerDependencies:
      '@polkadot/util': '*'
    dependencies:
      '@polkadot/util': 13.0.2
      tslib: 2.6.3
    dev: false

  /@polkadot/x-bigint@13.0.2:
    resolution: {integrity: sha512-h2jKT/UaxiEal8LhQeH6+GCjO7GwEqVAD2SNYteCOXff6yNttqAZYJuHZsndbVjVNwqRNf8D5q/zZkD0HUd6xQ==}
    engines: {node: '>=18'}
    dependencies:
      '@polkadot/x-global': 13.0.2
      tslib: 2.6.3
    dev: false

  /@polkadot/x-fetch@13.0.2:
    resolution: {integrity: sha512-B/gf9iriUr6za/Ui7zIFBfHz7UBZ68rJEIteWHx1UHRCZPcLqv+hgpev6xIGrkfFljI0/lI7IwtN2qy6HYzFBg==}
    engines: {node: '>=18'}
    dependencies:
      '@polkadot/x-global': 13.0.2
      node-fetch: 3.3.2
      tslib: 2.6.3
    dev: false

  /@polkadot/x-global@13.0.2:
    resolution: {integrity: sha512-OoNIXLB5y8vIKpk4R+XmpDPhipNXWSUvEwUnpQT7NAxNLmzgMq1FhbrwBWWPRNHPrQonp7mqxV/X+v5lv1HW/g==}
    engines: {node: '>=18'}
    dependencies:
      tslib: 2.6.3
    dev: false

  /@polkadot/x-randomvalues@13.0.2(@polkadot/util@13.0.2)(@polkadot/wasm-util@7.3.2):
    resolution: {integrity: sha512-SGj+L0H/7TWZtSmtkWlixO4DFzXDdluI0UscN2h285os2Ns8PnmBbue+iJ8PVSzpY1BOxd66gvkkpboPz+jXFQ==}
    engines: {node: '>=18'}
    peerDependencies:
      '@polkadot/util': 13.0.2
      '@polkadot/wasm-util': '*'
    dependencies:
      '@polkadot/util': 13.0.2
      '@polkadot/wasm-util': 7.3.2(@polkadot/util@13.0.2)
      '@polkadot/x-global': 13.0.2
      tslib: 2.6.3
    dev: false

  /@polkadot/x-textdecoder@13.0.2:
    resolution: {integrity: sha512-mauglOkTJxLGmLwLc3J5Jlq/W+SHP53eiy3F8/8JxxfnXrZKgWoQXGpvXYPjFnMZj0MzDSy/6GjyGWnDCgdQFA==}
    engines: {node: '>=18'}
    dependencies:
      '@polkadot/x-global': 13.0.2
      tslib: 2.6.3
    dev: false

  /@polkadot/x-textencoder@13.0.2:
    resolution: {integrity: sha512-Lq08H2OnVXj97uaOwg7tcmRS7a4VJYkHEeWO4FyEMOk6P6lU6W8OVNjjxG0se9PCEgmyZPUDbJI//1ynzP4cXw==}
    engines: {node: '>=18'}
    dependencies:
      '@polkadot/x-global': 13.0.2
      tslib: 2.6.3
    dev: false

  /@polkadot/x-ws@13.0.2:
    resolution: {integrity: sha512-nC5e2eY5D5ZR5teQOB7ib+dWLbmNws86cTz3BjKCalSMBBIn6i3V9ElgABpierBmnSJe9D94EyrH1BxdVfDxUg==}
    engines: {node: '>=18'}
    dependencies:
      '@polkadot/x-global': 13.0.2
      tslib: 2.6.3
      ws: 8.18.0
    transitivePeerDependencies:
      - bufferutil
      - utf-8-validate
    dev: false

  /@scure/base@1.1.1:
    resolution: {integrity: sha512-ZxOhsSyxYwLJj3pLZCefNitxsj093tb2vq90mp2txoYeBqbcjDjqFhyM8eUjq/uFm6zJ+mUuqxlS2FkuSY1MTA==}
    dev: false

  /@scure/base@1.1.6:
    resolution: {integrity: sha512-ok9AWwhcgYuGG3Zfhyqg+zwl+Wn5uE+dwC0NV/2qQkx4dABbb/bx96vWu8NSj+BNjjSjno+JRYRjle1jV08k3g==}
    dev: false

  /@scure/bip32@1.3.2:
    resolution: {integrity: sha512-N1ZhksgwD3OBlwTv3R6KFEcPojl/W4ElJOeCZdi+vuI5QmTFwLq3OFf2zd2ROpKvxFdgZ6hUpb0dx9bVNEwYCA==}
    dependencies:
      '@noble/curves': 1.2.0
      '@noble/hashes': 1.3.2
      '@scure/base': 1.1.6
    dev: false

  /@scure/bip39@1.2.1:
    resolution: {integrity: sha512-Z3/Fsz1yr904dduJD0NpiyRHhRYHdcnyh73FZWiV+/qhWi83wNJ3NWolYqCEN+ZWsUz2TWwajJggcRE9r1zUYg==}
    dependencies:
      '@noble/hashes': 1.3.2
      '@scure/base': 1.1.1
    dev: false

  /@substrate/connect-extension-protocol@2.0.0:
    resolution: {integrity: sha512-nKu8pDrE3LNCEgJjZe1iGXzaD6OSIDD4Xzz/yo4KO9mQ6LBvf49BVrt4qxBFGL6++NneLiWUZGoh+VSd4PyVIg==}
    requiresBuild: true
    dev: false
    optional: true

  /@substrate/connect-known-chains@1.3.0:
    resolution: {integrity: sha512-BHcWdhOsnHtoWuS4LpFpH3MbLAhm1amq4hvl5ctI47KNZcZJcEPAF4zmeaTMuvj+UJ7LEFooy46Mn7zok47MwA==}
    requiresBuild: true
    dev: false
    optional: true

  /@substrate/connect@0.8.11:
    resolution: {integrity: sha512-ofLs1PAO9AtDdPbdyTYj217Pe+lBfTLltdHDs3ds8no0BseoLeAGxpz1mHfi7zB4IxI3YyAiLjH6U8cw4pj4Nw==}
    deprecated: versions below 1.x are no longer maintained
    requiresBuild: true
    dependencies:
      '@substrate/connect-extension-protocol': 2.0.0
      '@substrate/connect-known-chains': 1.3.0
      '@substrate/light-client-extension-helpers': 1.0.0(smoldot@2.0.26)
      smoldot: 2.0.26
    transitivePeerDependencies:
      - bufferutil
      - utf-8-validate
    dev: false
    optional: true

  /@substrate/light-client-extension-helpers@1.0.0(smoldot@2.0.26):
    resolution: {integrity: sha512-TdKlni1mBBZptOaeVrKnusMg/UBpWUORNDv5fdCaJklP4RJiFOzBCrzC+CyVI5kQzsXBisZ+2pXm+rIjS38kHg==}
    requiresBuild: true
    peerDependencies:
      smoldot: 2.x
    dependencies:
      '@polkadot-api/json-rpc-provider': 0.0.1
      '@polkadot-api/json-rpc-provider-proxy': 0.1.0
      '@polkadot-api/observable-client': 0.3.2(@polkadot-api/substrate-client@0.1.4)(rxjs@7.8.1)
      '@polkadot-api/substrate-client': 0.1.4
      '@substrate/connect-extension-protocol': 2.0.0
      '@substrate/connect-known-chains': 1.3.0
      rxjs: 7.8.1
      smoldot: 2.0.26
    dev: false
    optional: true

  /@substrate/ss58-registry@1.50.0:
    resolution: {integrity: sha512-mkmlMlcC+MSd9rA+PN8ljGAm5fVZskvVwkXIsbx4NFwaT8kt38r7e9cyDWscG3z2Zn40POviZvEMrJSk+r2SgQ==}
    dev: false

  /@types/bn.js@5.1.5:
    resolution: {integrity: sha512-V46N0zwKRF5Q00AZ6hWtN0T8gGmDUaUzLWQvHFo5yThtVwK/VCenFY3wXVbOvNfajEpsTfQM4IN9k/d6gUVX3A==}
    dependencies:
      '@types/node': 22.5.0
    dev: false

  /@types/node@22.5.0:
    resolution: {integrity: sha512-DkFrJOe+rfdHTqqMg0bSNlGlQ85hSoh2TPzZyhHsXnMtligRWpxUySiyw8FY14ITt24HVCiQPWxS3KO/QlGmWg==}
    dependencies:
      undici-types: 6.19.8
    dev: false

  /abitype@1.0.0(typescript@5.4.5):
    resolution: {integrity: sha512-NMeMah//6bJ56H5XRj8QCV4AwuW6hB6zqz2LnhhLdcWVQOsXki6/Pn3APeqxCma62nXIcmZWdu1DlHWS74umVQ==}
    peerDependencies:
      typescript: '>=5.0.4'
      zod: ^3 >=3.22.0
    peerDependenciesMeta:
      typescript:
        optional: true
      zod:
        optional: true
    dependencies:
      typescript: 5.4.5
    dev: false

  /bn.js@5.2.1:
    resolution: {integrity: sha512-eXRvHzWyYPBuB4NBy0cmYQjGitUrtqwbvlzP3G6VFnNRbsZQIxQ10PbKKHt8gZ/HW/D/747aDl+QkDqg3KQLMQ==}
    dev: false

  /data-uri-to-buffer@4.0.1:
    resolution: {integrity: sha512-0R9ikRb668HB7QDxT1vkpuUBtqc53YyAwMwGeUFKRojY/NWKvdZ+9UYtRfGmhqNbRkTSVpMbmyhXipFFv2cb/A==}
    engines: {node: '>= 12'}
    dev: false

  /debug@4.3.6:
    resolution: {integrity: sha512-O/09Bd4Z1fBrU4VzkhFqVgpPzaGbw6Sm9FEkBT1A/YBXQFGuuSxa1dN2nxgxS34JmKXqYx8CZAwEVoJFImUXIg==}
    engines: {node: '>=6.0'}
    peerDependencies:
      supports-color: '*'
    peerDependenciesMeta:
      supports-color:
        optional: true
    dependencies:
      ms: 2.1.2
    dev: false

  /esbuild@0.20.2:
    resolution: {integrity: sha512-WdOOppmUNU+IbZ0PaDiTst80zjnrOkyJNHoKupIcVyU8Lvla3Ugx94VzkQ32Ijqd7UhHJy75gNWDMUekcrSJ6g==}
    engines: {node: '>=12'}
    hasBin: true
    optionalDependencies:
      '@esbuild/aix-ppc64': 0.20.2
      '@esbuild/android-arm': 0.20.2
      '@esbuild/android-arm64': 0.20.2
      '@esbuild/android-x64': 0.20.2
      '@esbuild/darwin-arm64': 0.20.2
      '@esbuild/darwin-x64': 0.20.2
      '@esbuild/freebsd-arm64': 0.20.2
      '@esbuild/freebsd-x64': 0.20.2
      '@esbuild/linux-arm': 0.20.2
      '@esbuild/linux-arm64': 0.20.2
      '@esbuild/linux-ia32': 0.20.2
      '@esbuild/linux-loong64': 0.20.2
      '@esbuild/linux-mips64el': 0.20.2
      '@esbuild/linux-ppc64': 0.20.2
      '@esbuild/linux-riscv64': 0.20.2
      '@esbuild/linux-s390x': 0.20.2
      '@esbuild/linux-x64': 0.20.2
      '@esbuild/netbsd-x64': 0.20.2
      '@esbuild/openbsd-x64': 0.20.2
      '@esbuild/sunos-x64': 0.20.2
      '@esbuild/win32-arm64': 0.20.2
      '@esbuild/win32-ia32': 0.20.2
      '@esbuild/win32-x64': 0.20.2
    dev: true

  /eventemitter3@5.0.1:
    resolution: {integrity: sha512-GWkBvjiSZK87ELrYOSESUYeVIc9mvLLf/nXalMOS5dYrgZq9o5OVkbZAVM06CVxYsCwH9BDZFPlQTlPA1j4ahA==}
    dev: false

  /fetch-blob@3.2.0:
    resolution: {integrity: sha512-7yAQpD2UMJzLi1Dqv7qFYnPbaPx7ZfFK6PiIxQ4PfkGPyNyl2Ugx+a/umUonmKqjhM4DnfbMvdX6otXq83soQQ==}
    engines: {node: ^12.20 || >= 14.13}
    dependencies:
      node-domexception: 1.0.0
      web-streams-polyfill: 3.3.3
    dev: false

  /formdata-polyfill@4.0.10:
    resolution: {integrity: sha512-buewHzMvYL29jdeQTVILecSaZKnt/RJWjoZCF5OW60Z67/GmSLBkOFM7qh1PI3zFNtJbaZL5eQu1vLfazOwj4g==}
    engines: {node: '>=12.20.0'}
    dependencies:
      fetch-blob: 3.2.0
    dev: false

  /fsevents@2.3.3:
    resolution: {integrity: sha512-5xoDfX+fL7faATnagmWPpbFtwh/R77WmMMqqHGS65C3vvB0YHrgF+B1YmZ3441tMj5n63k0212XNoJwzlhffQw==}
    engines: {node: ^8.16.0 || ^10.6.0 || >=11.0.0}
    os: [darwin]
    requiresBuild: true
    dev: true
    optional: true

  /get-tsconfig@4.7.5:
    resolution: {integrity: sha512-ZCuZCnlqNzjb4QprAzXKdpp/gh6KTxSJuw3IBsPnV/7fV4NxC9ckB+vPTt8w7fJA0TaSD7c55BR47JD6MEDyDw==}
    dependencies:
      resolve-pkg-maps: 1.0.0
    dev: true

  /isows@1.0.4(ws@8.13.0):
    resolution: {integrity: sha512-hEzjY+x9u9hPmBom9IIAqdJCwNLax+xrPb51vEPpERoFlIxgmZcHzsT5jKG06nvInKOBGvReAVz80Umed5CczQ==}
    peerDependencies:
      ws: '*'
    dependencies:
      ws: 8.13.0
    dev: false

  /json-stringify-safe@5.0.1:
    resolution: {integrity: sha512-ZClg6AaYvamvYEE82d3Iyd3vSSIjQ+odgjaTzRuO3s7toCdFKczob2i0zCh7JE8kWn17yvAWhUVxvqGwUalsRA==}
    dev: false

  /mock-socket@9.3.1:
    resolution: {integrity: sha512-qxBgB7Qa2sEQgHFjj0dSigq7fX4k6Saisd5Nelwp2q8mlbAFh5dHV9JTTlF8viYJLSSWgMCZFUom8PJcMNBoJw==}
    engines: {node: '>= 8'}
    dev: false

  /ms@2.1.2:
    resolution: {integrity: sha512-sGkPx+VjMtmA6MX27oA4FBFELFCZZ4S4XqeGOXCv68tT+jb3vk/RyaKWP0PTKyWtmLSM0b+adUTEvbs1PEaH2w==}
    dev: false

  /nock@13.5.5:
    resolution: {integrity: sha512-XKYnqUrCwXC8DGG1xX4YH5yNIrlh9c065uaMZZHUoeUUINTOyt+x/G+ezYk0Ft6ExSREVIs+qBJDK503viTfFA==}
    engines: {node: '>= 10.13'}
    dependencies:
      debug: 4.3.6
      json-stringify-safe: 5.0.1
      propagate: 2.0.1
    transitivePeerDependencies:
      - supports-color
    dev: false

  /node-domexception@1.0.0:
    resolution: {integrity: sha512-/jKZoMpw0F8GRwl4/eLROPA3cfcXtLApP0QzLmUT/HuPCZWyB7IY9ZrMeKw2O/nFIqPQB3PVM9aYm0F312AXDQ==}
    engines: {node: '>=10.5.0'}
    dev: false

  /node-fetch@3.3.2:
    resolution: {integrity: sha512-dRB78srN/l6gqWulah9SrxeYnxeddIG30+GOqK/9OlLVyLg3HPnr6SqOWTWOXKRwC2eGYCkZ59NNuSgvSrpgOA==}
    engines: {node: ^12.20.0 || ^14.13.1 || >=16.0.0}
    dependencies:
      data-uri-to-buffer: 4.0.1
      fetch-blob: 3.2.0
      formdata-polyfill: 4.0.10
    dev: false

  /propagate@2.0.1:
    resolution: {integrity: sha512-vGrhOavPSTz4QVNuBNdcNXePNdNMaO1xj9yBeH1ScQPjk/rhg9sSlCXPhMkFuaNNW/syTvYqsnbIJxMBfRbbag==}
    engines: {node: '>= 8'}
    dev: false

  /resolve-pkg-maps@1.0.0:
    resolution: {integrity: sha512-seS2Tj26TBVOC2NIc2rOe2y2ZO7efxITtLZcGSOnHHNOQ7CkiUBfw0Iw2ck6xkIhPwLhKNLS8BO+hEpngQlqzw==}
    dev: true

  /rxjs@7.8.1:
    resolution: {integrity: sha512-AA3TVj+0A2iuIoQkWEK/tqFjBq2j+6PO6Y0zJcvzLAFhEFIO3HL0vls9hWLncZbAAbK0mar7oZ4V079I/qPMxg==}
    dependencies:
      tslib: 2.6.3
    dev: false

  /scale-ts@1.6.0:
    resolution: {integrity: sha512-Ja5VCjNZR8TGKhUumy9clVVxcDpM+YFjAnkMuwQy68Hixio3VRRvWdE3g8T/yC+HXA0ZDQl2TGyUmtmbcVl40Q==}
    requiresBuild: true
    dev: false
    optional: true

  /smoldot@2.0.26:
    resolution: {integrity: sha512-F+qYmH4z2s2FK+CxGj8moYcd1ekSIKH8ywkdqlOz88Dat35iB1DIYL11aILN46YSGMzQW/lbJNS307zBSDN5Ig==}
    requiresBuild: true
    dependencies:
      ws: 8.13.0
    transitivePeerDependencies:
      - bufferutil
      - utf-8-validate
    dev: false
    optional: true

  /tslib@2.6.3:
    resolution: {integrity: sha512-xNvxJEOUiWPGhUuUdQgAJPKOOJfGnIyKySOc09XkKsgdUV/3E2zvwZYdejjmRgPCgcym1juLH3226yA7sEFJKQ==}
    dev: false

  /tsx@4.11.0:
    resolution: {integrity: sha512-vzGGELOgAupsNVssAmZjbUDfdm/pWP4R+Kg8TVdsonxbXk0bEpE1qh0yV6/QxUVXaVlNemgcPajGdJJ82n3stg==}
    engines: {node: '>=18.0.0'}
    hasBin: true
    dependencies:
      esbuild: 0.20.2
      get-tsconfig: 4.7.5
    optionalDependencies:
      fsevents: 2.3.3
    dev: true

  /typescript@5.4.5:
    resolution: {integrity: sha512-vcI4UpRgg81oIRUFwR0WSIHKt11nJ7SAVlYNIu+QpqeyXP+gpQJy/Z4+F0aGxSE4MqwjyXvW/TzgkLAx2AGHwQ==}
    engines: {node: '>=14.17'}
    hasBin: true

  /undici-types@6.19.8:
    resolution: {integrity: sha512-ve2KP6f/JnbPBFyobGHuerC9g1FYGn/F8n1LWTwNxCEzd6IfqTwUQcNXgEtmmQ6DlRrC1hrSrBnCZPokRrDHjw==}
    dev: false

  /viem@2.12.5(typescript@5.4.5):
    resolution: {integrity: sha512-OHS+356v/ykkQMWEhefDRa5aC3iM3wEzdBlPoAhkCilsXRTAyy0YofYZ9hZG8SyM+0Ltl01j5EyJHqo0o62Czg==}
    peerDependencies:
      typescript: '>=5.0.4'
    peerDependenciesMeta:
      typescript:
        optional: true
    dependencies:
      '@adraffy/ens-normalize': 1.10.0
      '@noble/curves': 1.2.0
      '@noble/hashes': 1.3.2
      '@scure/bip32': 1.3.2
      '@scure/bip39': 1.2.1
      abitype: 1.0.0(typescript@5.4.5)
      isows: 1.0.4(ws@8.13.0)
      typescript: 5.4.5
      ws: 8.13.0
    transitivePeerDependencies:
      - bufferutil
      - utf-8-validate
      - zod
    dev: false

  /web-streams-polyfill@3.3.3:
    resolution: {integrity: sha512-d2JWLCivmZYTSIoge9MsgFCZrt571BikcWGYkjC1khllbTeDlGqZ2D8vD8E/lJa8WGWbb7Plm8/XJYV7IJHZZw==}
    engines: {node: '>= 8'}
    dev: false

  /ws@8.13.0:
    resolution: {integrity: sha512-x9vcZYTrFPC7aSIbj7sRCYo7L/Xb8Iy+pW0ng0wt2vCJv7M9HOMy0UoN3rr+IFC7hb7vXoqS+P9ktyLLLhO+LA==}
    engines: {node: '>=10.0.0'}
    peerDependencies:
      bufferutil: ^4.0.1
      utf-8-validate: '>=5.0.2'
    peerDependenciesMeta:
      bufferutil:
        optional: true
      utf-8-validate:
        optional: true
    dev: false

  /ws@8.18.0:
    resolution: {integrity: sha512-8VbfWfHLbbwu3+N6OKsOMpBdT4kXPDDB9cJk2bJ6mh9ucxdlnNvH1e+roYkKmN9Nxw2yjz7VzeO9oOz2zJ04Pw==}
    engines: {node: '>=10.0.0'}
    peerDependencies:
      bufferutil: ^4.0.1
      utf-8-validate: '>=5.0.2'
    peerDependenciesMeta:
      bufferutil:
        optional: true
      utf-8-validate:
        optional: true
    dev: false
